
Microsoft Visual Studio Solution File, Format Version 12.00
# Visual Studio Version 17
VisualStudioVersion = 17.14.37027.9 d17.14
MinimumVisualStudioVersion = 10.0.40219.1
Project("{FAE04EC0-301F-11D3-BF4B-00C04F79EFBC}") = "DateApp", "DateApp\DateApp.csproj", "{69ABE397-C92D-412E-AFC5-76513973C8F7}"
EndProject
Global
	GlobalSection(SolutionConfigurationPlatforms) = preSolution
		Debug|Any CPU = Debug|Any CPU
		Release|Any CPU = Release|Any CPU
	EndGlobalSection
	GlobalSection(ProjectConfigurationPlatforms) = postSolution
		{69ABE397-C92D-412E-AFC5-76513973C8F7}.Debug|Any CPU.ActiveCfg = Debug|Any CPU
		{69ABE397-C92D-412E-AFC5-76513973C8F7}.Debug|Any CPU.Build.0 = Debug|Any CPU
		{69ABE397-C92D-412E-AFC5-76513973C8F7}.Release|Any CPU.ActiveCfg = Release|Any CPU
		{69ABE397-C92D-412E-AFC5-76513973C8F7}.Release|Any CPU.Build.0 = Release|Any CPU
	EndGlobalSection
	GlobalSection(SolutionProperties) = preSolution
		HideSolutionNode = FALSE
	EndGlobalSection
	GlobalSection(ExtensibilityGlobals) = postSolution
		SolutionGuid = {B445FDB1-BE25-4376-B0C5-23E3BD89B6F8}
	EndGlobalSection
EndGlobal
